// !$*UTF8*$!
{
	archiveVersion = 1;
	classes = {
	};
	objectVersion = 46;
	objects = {

/* Begin PBXBuildFile section */
		970086611D2B988A00395012 /* config.h in Headers */ = {isa = PBXBuildFile; fileRef = 970086511D2B988A00395012 /* config.h */; };
		970086621D2B988A00395012 /* HighResTimer.cpp in Sources */ = {isa = PBXBuildFile; fileRef = 970086521D2B988A00395012 /* HighResTimer.cpp */; };
		970086631D2B988A00395012 /* HighResTimer.h in Headers */ = {isa = PBXBuildFile; fileRef = 970086531D2B988A00395012 /* HighResTimer.h */; };
		970086641D2B988A00395012 /* Mutex.cpp in Sources */ = {isa = PBXBuildFile; fileRef = 970086541D2B988A00395012 /* Mutex.cpp */; };
		970086651D2B988A00395012 /* Mutex.h in Headers */ = {isa = PBXBuildFile; fileRef = 970086551D2B988A00395012 /* Mutex.h */; };
		970086661D2B988A00395012 /* Semaphore.cpp in Sources */ = {isa = PBXBuildFile; fileRef = 970086561D2B988A00395012 /* Semaphore.cpp */; };
		970086671D2B988A00395012 /* Semaphore.h in Headers */ = {isa = PBXBuildFile; fileRef = 970086571D2B988A00395012 /* Semaphore.h */; };
		970086681D2B988A00395012 /* Task.cpp in Sources */ = {isa = PBXBuildFile; fileRef = 970086581D2B988A00395012 /* Task.cpp */; };
		970086691D2B988A00395012 /* Task.h in Headers */ = {isa = PBXBuildFile; fileRef = 970086591D2B988A00395012 /* Task.h */; };
		9700866A1D2B988A00395012 /* TaskMutex.cpp in Sources */ = {isa = PBXBuildFile; fileRef = 9700865A1D2B988A00395012 /* TaskMutex.cpp */; };
		9700866B1D2B988A00395012 /* TaskMutex.h in Headers */ = {isa = PBXBuildFile; fileRef = 9700865B1D2B988A00395012 /* TaskMutex.h */; };
		9700866C1D2B988A00395012 /* Thread.cpp in Sources */ = {isa = PBXBuildFile; fileRef = 9700865C1D2B988A00395012 /* Thread.cpp */; };
		9700866D1D2B988A00395012 /* Thread.h in Headers */ = {isa = PBXBuildFile; fileRef = 9700865D1D2B988A00395012 /* Thread.h */; };
		9700866E1D2B988A00395012 /* ThreadSafeObject.h in Headers */ = {isa = PBXBuildFile; fileRef = 9700865E1D2B988A00395012 /* ThreadSafeObject.h */; };
		9700866F1D2B988A00395012 /* ThreadWaitCondition.cpp in Sources */ = {isa = PBXBuildFile; fileRef = 9700865F1D2B988A00395012 /* ThreadWaitCondition.cpp */; };
		970086701D2B988A00395012 /* ThreadWaitCondition.h in Headers */ = {isa = PBXBuildFile; fileRef = 970086601D2B988A00395012 /* ThreadWaitCondition.h */; };
/* End PBXBuildFile section */

/* Begin PBXFileReference section */
		970086511D2B988A00395012 /* config.h */ = {isa = PBXFileReference; fileEncoding = 4; lastKnownFileType = sourcecode.c.h; name = config.h; path = libnrthreads/config.h; sourceTree = "<group>"; };
		970086521D2B988A00395012 /* HighResTimer.cpp */ = {isa = PBXFileReference; fileEncoding = 4; lastKnownFileType = sourcecode.cpp.cpp; name = HighResTimer.cpp; path = libnrthreads/HighResTimer.cpp; sourceTree = "<group>"; };
		970086531D2B988A00395012 /* HighResTimer.h */ = {isa = PBXFileReference; fileEncoding = 4; lastKnownFileType = sourcecode.c.h; name = HighResTimer.h; path = libnrthreads/HighResTimer.h; sourceTree = "<group>"; };
		970086541D2B988A00395012 /* Mutex.cpp */ = {isa = PBXFileReference; fileEncoding = 4; lastKnownFileType = sourcecode.cpp.cpp; name = Mutex.cpp; path = libnrthreads/Mutex.cpp; sourceTree = "<group>"; };
		970086551D2B988A00395012 /* Mutex.h */ = {isa = PBXFileReference; fileEncoding = 4; lastKnownFileType = sourcecode.c.h; name = Mutex.h; path = libnrthreads/Mutex.h; sourceTree = "<group>"; };
		970086561D2B988A00395012 /* Semaphore.cpp */ = {isa = PBXFileReference; fileEncoding = 4; lastKnownFileType = sourcecode.cpp.cpp; name = Semaphore.cpp; path = libnrthreads/Semaphore.cpp; sourceTree = "<group>"; };
		970086571D2B988A00395012 /* Semaphore.h */ = {isa = PBXFileReference; fileEncoding = 4; lastKnownFileType = sourcecode.c.h; name = Semaphore.h; path = libnrthreads/Semaphore.h; sourceTree = "<group>"; };
		970086581D2B988A00395012 /* Task.cpp */ = {isa = PBXFileReference; fileEncoding = 4; lastKnownFileType = sourcecode.cpp.cpp; name = Task.cpp; path = libnrthreads/Task.cpp; sourceTree = "<group>"; };
		970086591D2B988A00395012 /* Task.h */ = {isa = PBXFileReference; fileEncoding = 4; lastKnownFileType = sourcecode.c.h; name = Task.h; path = libnrthreads/Task.h; sourceTree = "<group>"; };
		9700865A1D2B988A00395012 /* TaskMutex.cpp */ = {isa = PBXFileReference; fileEncoding = 4; lastKnownFileType = sourcecode.cpp.cpp; name = TaskMutex.cpp; path = libnrthreads/TaskMutex.cpp; sourceTree = "<group>"; };
		9700865B1D2B988A00395012 /* TaskMutex.h */ = {isa = PBXFileReference; fileEncoding = 4; lastKnownFileType = sourcecode.c.h; name = TaskMutex.h; path = libnrthreads/TaskMutex.h; sourceTree = "<group>"; };
		9700865C1D2B988A00395012 /* Thread.cpp */ = {isa = PBXFileReference; fileEncoding = 4; lastKnownFileType = sourcecode.cpp.cpp; name = Thread.cpp; path = libnrthreads/Thread.cpp; sourceTree = "<group>"; };
		9700865D1D2B988A00395012 /* Thread.h */ = {isa = PBXFileReference; fileEncoding = 4; lastKnownFileType = sourcecode.c.h; name = Thread.h; path = libnrthreads/Thread.h; sourceTree = "<group>"; };
		9700865E1D2B988A00395012 /* ThreadSafeObject.h */ = {isa = PBXFileReference; fileEncoding = 4; lastKnownFileType = sourcecode.c.h; name = ThreadSafeObject.h; path = libnrthreads/ThreadSafeObject.h; sourceTree = "<group>"; };
		9700865F1D2B988A00395012 /* ThreadWaitCondition.cpp */ = {isa = PBXFileReference; fileEncoding = 4; lastKnownFileType = sourcecode.cpp.cpp; name = ThreadWaitCondition.cpp; path = libnrthreads/ThreadWaitCondition.cpp; sourceTree = "<group>"; };
		970086601D2B988A00395012 /* ThreadWaitCondition.h */ = {isa = PBXFileReference; fileEncoding = 4; lastKnownFileType = sourcecode.c.h; name = ThreadWaitCondition.h; path = libnrthreads/ThreadWaitCondition.h; sourceTree = "<group>"; };
		97B465FF1C9ADBBE00DD2C30 /* libnrthreads.a */ = {isa = PBXFileReference; explicitFileType = archive.ar; includeInIndex = 0; path = libnrthreads.a; sourceTree = BUILT_PRODUCTS_DIR; };
/* End PBXFileReference section */

/* Begin PBXFrameworksBuildPhase section */
		97B465FC1C9ADBBE00DD2C30 /* Frameworks */ = {
			isa = PBXFrameworksBuildPhase;
			buildActionMask = 2147483647;
			files = (
			);
			runOnlyForDeploymentPostprocessing = 0;
		};
/* End PBXFrameworksBuildPhase section */

/* Begin PBXGroup section */
		970086501D2B987000395012 /* src */ = {
			isa = PBXGroup;
			children = (
				970086511D2B988A00395012 /* config.h */,
				970086521D2B988A00395012 /* HighResTimer.cpp */,
				970086531D2B988A00395012 /* HighResTimer.h */,
				970086541D2B988A00395012 /* Mutex.cpp */,
				970086551D2B988A00395012 /* Mutex.h */,
				970086561D2B988A00395012 /* Semaphore.cpp */,
				970086571D2B988A00395012 /* Semaphore.h */,
				970086581D2B988A00395012 /* Task.cpp */,
				970086591D2B988A00395012 /* Task.h */,
				9700865A1D2B988A00395012 /* TaskMutex.cpp */,
				9700865B1D2B988A00395012 /* TaskMutex.h */,
				9700865C1D2B988A00395012 /* Thread.cpp */,
				9700865D1D2B988A00395012 /* Thread.h */,
				9700865E1D2B988A00395012 /* ThreadSafeObject.h */,
				9700865F1D2B988A00395012 /* ThreadWaitCondition.cpp */,
				970086601D2B988A00395012 /* ThreadWaitCondition.h */,
			);
			name = src;
			sourceTree = "<group>";
		};
		97B465F61C9ADBBE00DD2C30 = {
			isa = PBXGroup;
			children = (
				970086501D2B987000395012 /* src */,
				97B466001C9ADBBE00DD2C30 /* Products */,
			);
			sourceTree = "<group>";
		};
		97B466001C9ADBBE00DD2C30 /* Products */ = {
			isa = PBXGroup;
			children = (
				97B465FF1C9ADBBE00DD2C30 /* libnrthreads.a */,
			);
			name = Products;
			sourceTree = "<group>";
		};
/* End PBXGroup section */

/* Begin PBXHeadersBuildPhase section */
		97B465FD1C9ADBBE00DD2C30 /* Headers */ = {
			isa = PBXHeadersBuildPhase;
			buildActionMask = 2147483647;
			files = (
				970086701D2B988A00395012 /* ThreadWaitCondition.h in Headers */,
				970086691D2B988A00395012 /* Task.h in Headers */,
				970086651D2B988A00395012 /* Mutex.h in Headers */,
				970086671D2B988A00395012 /* Semaphore.h in Headers */,
				970086611D2B988A00395012 /* config.h in Headers */,
				970086631D2B988A00395012 /* HighResTimer.h in Headers */,
				9700866D1D2B988A00395012 /* Thread.h in Headers */,
				9700866E1D2B988A00395012 /* ThreadSafeObject.h in Headers */,
				9700866B1D2B988A00395012 /* TaskMutex.h in Headers */,
			);
			runOnlyForDeploymentPostprocessing = 0;
		};
/* End PBXHeadersBuildPhase section */

/* Begin PBXNativeTarget section */
		97B465FE1C9ADBBE00DD2C30 /* NrThreads */ = {
			isa = PBXNativeTarget;
			buildConfigurationList = 97B466031C9ADBBE00DD2C30 /* Build configuration list for PBXNativeTarget "NrThreads" */;
			buildPhases = (
				97B465FB1C9ADBBE00DD2C30 /* Sources */,
				97B465FC1C9ADBBE00DD2C30 /* Frameworks */,
				97B465FD1C9ADBBE00DD2C30 /* Headers */,
			);
			buildRules = (
			);
			dependencies = (
			);
			name = NrThreads;
			productName = NrThreads;
			productReference = 97B465FF1C9ADBBE00DD2C30 /* libnrthreads.a */;
			productType = "com.apple.product-type.library.static";
		};
/* End PBXNativeTarget section */

/* Begin PBXProject section */
		97B465F71C9ADBBE00DD2C30 /* Project object */ = {
			isa = PBXProject;
			attributes = {
				LastUpgradeCheck = 0730;
				ORGANIZATIONNAME = "Liquidsoft Studio";
				TargetAttributes = {
					97B465FE1C9ADBBE00DD2C30 = {
						CreatedOnToolsVersion = 7.3;
					};
				};
			};
			buildConfigurationList = 97B465FA1C9ADBBE00DD2C30 /* Build configuration list for PBXProject "libNrThreads" */;
			compatibilityVersion = "Xcode 3.2";
			developmentRegion = English;
			hasScannedForEncodings = 0;
			knownRegions = (
				English,
				en,
			);
			mainGroup = 97B465F61C9ADBBE00DD2C30;
			productRefGroup = 97B466001C9ADBBE00DD2C30 /* Products */;
			projectDirPath = "";
			projectRoot = "";
			targets = (
				97B465FE1C9ADBBE00DD2C30 /* NrThreads */,
			);
		};
/* End PBXProject section */

/* Begin PBXSourcesBuildPhase section */
		97B465FB1C9ADBBE00DD2C30 /* Sources */ = {
			isa = PBXSourcesBuildPhase;
			buildActionMask = 2147483647;
			files = (
				9700866A1D2B988A00395012 /* TaskMutex.cpp in Sources */,
				970086681D2B988A00395012 /* Task.cpp in Sources */,
				970086621D2B988A00395012 /* HighResTimer.cpp in Sources */,
				970086661D2B988A00395012 /* Semaphore.cpp in Sources */,
				9700866F1D2B988A00395012 /* ThreadWaitCondition.cpp in Sources */,
				970086641D2B988A00395012 /* Mutex.cpp in Sources */,
				9700866C1D2B988A00395012 /* Thread.cpp in Sources */,
			);
			runOnlyForDeploymentPostprocessing = 0;
		};
/* End PBXSourcesBuildPhase section */

/* Begin XCBuildConfiguration section */
		97B466011C9ADBBE00DD2C30 /* Debug */ = {
			isa = XCBuildConfiguration;
			buildSettings = {
				ALWAYS_SEARCH_USER_PATHS = NO;
				CLANG_ANALYZER_NONNULL = YES;
				CLANG_CXX_LANGUAGE_STANDARD = "gnu++0x";
				CLANG_CXX_LIBRARY = "libc++";
				CLANG_ENABLE_MODULES = YES;
				CLANG_ENABLE_OBJC_ARC = YES;
				CLANG_WARN_BOOL_CONVERSION = YES;
				CLANG_WARN_CONSTANT_CONVERSION = YES;
				CLANG_WARN_DIRECT_OBJC_ISA_USAGE = YES_ERROR;
				CLANG_WARN_EMPTY_BODY = YES;
				CLANG_WARN_ENUM_CONVERSION = YES;
				CLANG_WARN_INT_CONVERSION = YES;
				CLANG_WARN_OBJC_ROOT_CLASS = YES_ERROR;
				CLANG_WARN_UNREACHABLE_CODE = YES;
				CLANG_WARN__DUPLICATE_METHOD_MATCH = YES;
				CODE_SIGN_IDENTITY = "-";
				COPY_PHASE_STRIP = NO;
				DEBUG_INFORMATION_FORMAT = dwarf;
				ENABLE_STRICT_OBJC_MSGSEND = YES;
				ENABLE_TESTABILITY = YES;
				GCC_C_LANGUAGE_STANDARD = gnu99;
				GCC_DYNAMIC_NO_PIC = NO;
				GCC_NO_COMMON_BLOCKS = YES;
				GCC_OPTIMIZATION_LEVEL = 0;
				GCC_PREPROCESSOR_DEFINITIONS = (
					"DEBUG=1",
					"$(inherited)",
				);
				GCC_WARN_64_TO_32_BIT_CONVERSION = YES;
				GCC_WARN_ABOUT_RETURN_TYPE = YES_ERROR;
				GCC_WARN_UNDECLARED_SELECTOR = YES;
				GCC_WARN_UNINITIALIZED_AUTOS = YES_AGGRESSIVE;
				GCC_WARN_UNUSED_FUNCTION = YES;
				GCC_WARN_UNUSED_VARIABLE = YES;
				MACOSX_DEPLOYMENT_TARGET = 10.11;
				MTL_ENABLE_DEBUG_INFO = YES;
				ONLY_ACTIVE_ARCH = YES;
				SDKROOT = macosx;
			};
			name = Debug;
		};
		97B466021C9ADBBE00DD2C30 /* Release */ = {
			isa = XCBuildConfiguration;
			buildSettings = {
				ALWAYS_SEARCH_USER_PATHS = NO;
				CLANG_ANALYZER_NONNULL = YES;
				CLANG_CXX_LANGUAGE_STANDARD = "gnu++0x";
				CLANG_CXX_LIBRARY = "libc++";
				CLANG_ENABLE_MODULES = YES;
				CLANG_ENABLE_OBJC_ARC = YES;
				CLANG_WARN_BOOL_CONVERSION = YES;
				CLANG_WARN_CONSTANT_CONVERSION = YES;
				CLANG_WARN_DIRECT_OBJC_ISA_USAGE = YES_ERROR;
				CLANG_WARN_EMPTY_BODY = YES;
				CLANG_WARN_ENUM_CONVERSION = YES;
				CLANG_WARN_INT_CONVERSION = YES;
				CLANG_WARN_OBJC_ROOT_CLASS = YES_ERROR;
				CLANG_WARN_UNREACHABLE_CODE = YES;
				CLANG_WARN__DUPLICATE_METHOD_MATCH = YES;
				CODE_SIGN_IDENTITY = "-";
				COPY_PHASE_STRIP = NO;
				DEBUG_INFORMATION_FORMAT = "dwarf-with-dsym";
				ENABLE_NS_ASSERTIONS = NO;
				ENABLE_STRICT_OBJC_MSGSEND = YES;
				GCC_C_LANGUAGE_STANDARD = gnu99;
				GCC_NO_COMMON_BLOCKS = YES;
				GCC_WARN_64_TO_32_BIT_CONVERSION = YES;
				GCC_WARN_ABOUT_RETURN_TYPE = YES_ERROR;
				GCC_WARN_UNDECLARED_SELECTOR = YES;
				GCC_WARN_UNINITIALIZED_AUTOS = YES_AGGRESSIVE;
				GCC_WARN_UNUSED_FUNCTION = YES;
				GCC_WARN_UNUSED_VARIABLE = YES;
				MACOSX_DEPLOYMENT_TARGET = 10.11;
				MTL_ENABLE_DEBUG_INFO = NO;
				SDKROOT = macosx;
			};
			name = Release;
		};
		97B466041C9ADBBE00DD2C30 /* Debug */ = {
			isa = XCBuildConfiguration;
			buildSettings = {
				EXECUTABLE_PREFIX = lib;
				HEADER_SEARCH_PATHS = (
					"\"$(SRCROOT)/\"",
					"\"$(SRCROOT)/../libNRCore\"",
					"\"$(SRCROOT)/../libNrDebug\"",
					"\"$(SRCROOT)/../libNrIO\"",
				);
				PRODUCT_MODULE_NAME = nrthreads;
				PRODUCT_NAME = nrthreads;
			};
			name = Debug;
		};
		97B466051C9ADBBE00DD2C30 /* Release */ = {
			isa = XCBuildConfiguration;
			buildSettings = {
				EXECUTABLE_PREFIX = lib;
				HEADER_SEARCH_PATHS = (
					"\"$(SRCROOT)/\"",
					"\"$(SRCROOT)/../libNRCore\"",
					"\"$(SRCROOT)/../libNrDebug\"",
					"\"$(SRCROOT)/../libNrIO\"",
				);
				PRODUCT_MODULE_NAME = nrthreads;
				PRODUCT_NAME = nrthreads;
			};
			name = Release;
		};
/* End XCBuildConfiguration section */

/* Begin XCConfigurationList section */
		97B465FA1C9ADBBE00DD2C30 /* Build configuration list for PBXProject "libNrThreads" */ = {
			isa = XCConfigurationList;
			buildConfigurations = (
				97B466011C9ADBBE00DD2C30 /* Debug */,
				97B466021C9ADBBE00DD2C30 /* Release */,
			);
			defaultConfigurationIsVisible = 0;
			defaultConfigurationName = Release;
		};
		97B466031C9ADBBE00DD2C30 /* Build configuration list for PBXNativeTarget "NrThreads" */ = {
			isa = XCConfigurationList;
			buildConfigurations = (
				97B466041C9ADBBE00DD2C30 /* Debug */,
				97B466051C9ADBBE00DD2C30 /* Release */,
			);
			defaultConfigurationIsVisible = 0;
			defaultConfigurationName = Release;
		};
/* End XCConfigurationList section */
	};
	rootObject = 97B465F71C9ADBBE00DD2C30 /* Project object */;
}
